// !$*UTF8*$!
{
	archiveVersion = 1;
	classes = {
	};
	objectVersion = 46;
	objects = {

/* Begin PBXBuildFile section */
		B3AF4D351B404872005A2165 /* AppDelegate.swift in Sources */ = {isa = PBXBuildFile; fileRef = B3AF4D341B404872005A2165 /* AppDelegate.swift */; };
		B3AF4D381B404872005A2165 /* QuranApp.xcdatamodeld in Sources */ = {isa = PBXBuildFile; fileRef = B3AF4D361B404872005A2165 /* QuranApp.xcdatamodeld */; };
		B3AF4D3A1B404872005A2165 /* ViewController.swift in Sources */ = {isa = PBXBuildFile; fileRef = B3AF4D391B404872005A2165 /* ViewController.swift */; };
		B3AF4D3D1B404872005A2165 /* Main.storyboard in Resources */ = {isa = PBXBuildFile; fileRef = B3AF4D3B1B404872005A2165 /* Main.storyboard */; };
		B3AF4D3F1B404872005A2165 /* Images.xcassets in Resources */ = {isa = PBXBuildFile; fileRef = B3AF4D3E1B404872005A2165 /* Images.xcassets */; };
		B3AF4D421B404872005A2165 /* LaunchScreen.xib in Resources */ = {isa = PBXBuildFile; fileRef = B3AF4D401B404872005A2165 /* LaunchScreen.xib */; };
		B3AF4D4E1B404872005A2165 /* QuranAppTests.swift in Sources */ = {isa = PBXBuildFile; fileRef = B3AF4D4D1B404872005A2165 /* QuranAppTests.swift */; };
		B3D423F31B43770400CAEA69 /* iAd.framework in Frameworks */ = {isa = PBXBuildFile; fileRef = B3D423F21B43770400CAEA69 /* iAd.framework */; };
/* End PBXBuildFile section */

/* Begin PBXContainerItemProxy section */
		B3AF4D481B404872005A2165 /* PBXContainerItemProxy */ = {
			isa = PBXContainerItemProxy;
			containerPortal = B3AF4D271B404872005A2165 /* Project object */;
			proxyType = 1;
			remoteGlobalIDString = B3AF4D2E1B404872005A2165;
			remoteInfo = QuranApp;
		};
/* End PBXContainerItemProxy section */

/* Begin PBXFileReference section */
		B3AF4D2F1B404872005A2165 /* QuranApp.app */ = {isa = PBXFileReference; explicitFileType = wrapper.application; includeInIndex = 0; path = QuranApp.app; sourceTree = BUILT_PRODUCTS_DIR; };
		B3AF4D331B404872005A2165 /* Info.plist */ = {isa = PBXFileReference; lastKnownFileType = text.plist.xml; path = Info.plist; sourceTree = "<group>"; };
		B3AF4D341B404872005A2165 /* AppDelegate.swift */ = {isa = PBXFileReference; lastKnownFileType = sourcecode.swift; path = AppDelegate.swift; sourceTree = "<group>"; };
		B3AF4D371B404872005A2165 /* QuranApp.xcdatamodel */ = {isa = PBXFileReference; lastKnownFileType = wrapper.xcdatamodel; path = QuranApp.xcdatamodel; sourceTree = "<group>"; };
		B3AF4D391B404872005A2165 /* ViewController.swift */ = {isa = PBXFileReference; lastKnownFileType = sourcecode.swift; path = ViewController.swift; sourceTree = "<group>"; };
		B3AF4D3C1B404872005A2165 /* Base */ = {isa = PBXFileReference; lastKnownFileType = file.storyboard; name = Base; path = Base.lproj/Main.storyboard; sourceTree = "<group>"; };
		B3AF4D3E1B404872005A2165 /* Images.xcassets */ = {isa = PBXFileReference; lastKnownFileType = folder.assetcatalog; path = Images.xcassets; sourceTree = "<group>"; };
		B3AF4D411B404872005A2165 /* Base */ = {isa = PBXFileReference; lastKnownFileType = file.xib; name = Base; path = Base.lproj/LaunchScreen.xib; sourceTree = "<group>"; };
		B3AF4D471B404872005A2165 /* QuranAppTests.xctest */ = {isa = PBXFileReference; explicitFileType = wrapper.cfbundle; includeInIndex = 0; path = QuranAppTests.xctest; sourceTree = BUILT_PRODUCTS_DIR; };
		B3AF4D4C1B404872005A2165 /* Info.plist */ = {isa = PBXFileReference; lastKnownFileType = text.plist.xml; path = Info.plist; sourceTree = "<group>"; };
		B3AF4D4D1B404872005A2165 /* QuranAppTests.swift */ = {isa = PBXFileReference; lastKnownFileType = sourcecode.swift; path = QuranAppTests.swift; sourceTree = "<group>"; };
		B3D423F21B43770400CAEA69 /* iAd.framework */ = {isa = PBXFileReference; lastKnownFileType = wrapper.framework; name = iAd.framework; path = System/Library/Frameworks/iAd.framework; sourceTree = SDKROOT; };
/* End PBXFileReference section */

/* Begin PBXFrameworksBuildPhase section */
		B3AF4D2C1B404872005A2165 /* Frameworks */ = {
			isa = PBXFrameworksBuildPhase;
			buildActionMask = 2147483647;
			files = (
				B3D423F31B43770400CAEA69 /* iAd.framework in Frameworks */,
			);
			runOnlyForDeploymentPostprocessing = 0;
		};
		B3AF4D441B404872005A2165 /* Frameworks */ = {
			isa = PBXFrameworksBuildPhase;
			buildActionMask = 2147483647;
			files = (
			);
			runOnlyForDeploymentPostprocessing = 0;
		};
/* End PBXFrameworksBuildPhase section */

/* Begin PBXGroup section */
		B3AF4D261B404872005A2165 = {
			isa = PBXGroup;
			children = (
				B3D423F21B43770400CAEA69 /* iAd.framework */,
				B3AF4D311B404872005A2165 /* QuranApp */,
				B3AF4D4A1B404872005A2165 /* QuranAppTests */,
				B3AF4D301B404872005A2165 /* Products */,
			);
			sourceTree = "<group>";
		};
		B3AF4D301B404872005A2165 /* Products */ = {
			isa = PBXGroup;
			children = (
				B3AF4D2F1B404872005A2165 /* QuranApp.app */,
				B3AF4D471B404872005A2165 /* QuranAppTests.xctest */,
			);
			name = Products;
			sourceTree = "<group>";
		};
		B3AF4D311B404872005A2165 /* QuranApp */ = {
			isa = PBXGroup;
			children = (
				B3AF4D341B404872005A2165 /* AppDelegate.swift */,
				B3AF4D391B404872005A2165 /* ViewController.swift */,
				B3AF4D3B1B404872005A2165 /* Main.storyboard */,
				B3AF4D3E1B404872005A2165 /* Images.xcassets */,
				B3AF4D401B404872005A2165 /* LaunchScreen.xib */,
				B3AF4D361B404872005A2165 /* QuranApp.xcdatamodeld */,
				B3AF4D321B404872005A2165 /* Supporting Files */,
			);
			path = QuranApp;
			sourceTree = "<group>";
		};
		B3AF4D321B404872005A2165 /* Supporting Files */ = {
			isa = PBXGroup;
			children = (
				B3AF4D331B404872005A2165 /* Info.plist */,
			);
			name = "Supporting Files";
			sourceTree = "<group>";
		};
		B3AF4D4A1B404872005A2165 /* QuranAppTests */ = {
			isa = PBXGroup;
			children = (
				B3AF4D4D1B404872005A2165 /* QuranAppTests.swift */,
				B3AF4D4B1B404872005A2165 /* Supporting Files */,
			);
			path = QuranAppTests;
			sourceTree = "<group>";
		};
		B3AF4D4B1B404872005A2165 /* Supporting Files */ = {
			isa = PBXGroup;
			children = (
				B3AF4D4C1B404872005A2165 /* Info.plist */,
			);
			name = "Supporting Files";
			sourceTree = "<group>";
		};
/* End PBXGroup section */

/* Begin PBXNativeTarget section */
		B3AF4D2E1B404872005A2165 /* QuranApp */ = {
			isa = PBXNativeTarget;
			buildConfigurationList = B3AF4D511B404872005A2165 /* Build configuration list for PBXNativeTarget "QuranApp" */;
			buildPhases = (
				B3AF4D2B1B404872005A2165 /* Sources */,
				B3AF4D2C1B404872005A2165 /* Frameworks */,
				B3AF4D2D1B404872005A2165 /* Resources */,
			);
			buildRules = (
			);
			dependencies = (
			);
			name = QuranApp;
			productName = QuranApp;
			productReference = B3AF4D2F1B404872005A2165 /* QuranApp.app */;
			productType = "com.apple.product-type.application";
		};
		B3AF4D461B404872005A2165 /* QuranAppTests */ = {
			isa = PBXNativeTarget;
			buildConfigurationList = B3AF4D541B404872005A2165 /* Build configuration list for PBXNativeTarget "QuranAppTests" */;
			buildPhases = (
				B3AF4D431B404872005A2165 /* Sources */,
				B3AF4D441B404872005A2165 /* Frameworks */,
				B3AF4D451B404872005A2165 /* Resources */,
			);
			buildRules = (
			);
			dependencies = (
				B3AF4D491B404872005A2165 /* PBXTargetDependency */,
			);
			name = QuranAppTests;
			productName = QuranAppTests;
			productReference = B3AF4D471B404872005A2165 /* QuranAppTests.xctest */;
			productType = "com.apple.product-type.bundle.unit-test";
		};
/* End PBXNativeTarget section */

/* Begin PBXProject section */
		B3AF4D271B404872005A2165 /* Project object */ = {
			isa = PBXProject;
			attributes = {
				LastUpgradeCheck = 0630;
				ORGANIZATIONNAME = "ali belqazi";
				TargetAttributes = {
					B3AF4D2E1B404872005A2165 = {
						CreatedOnToolsVersion = 6.3.2;
					};
					B3AF4D461B404872005A2165 = {
						CreatedOnToolsVersion = 6.3.2;
						TestTargetID = B3AF4D2E1B404872005A2165;
					};
				};
			};
			buildConfigurationList = B3AF4D2A1B404872005A2165 /* Build configuration list for PBXProject "QuranApp" */;
			compatibilityVersion = "Xcode 3.2";
			developmentRegion = English;
			hasScannedForEncodings = 0;
			knownRegions = (
				en,
				Base,
			);
			mainGroup = B3AF4D261B404872005A2165;
			productRefGroup = B3AF4D301B404872005A2165 /* Products */;
			projectDirPath = "";
			projectRoot = "";
			targets = (
				B3AF4D2E1B404872005A2165 /* QuranApp */,
				B3AF4D461B404872005A2165 /* QuranAppTests */,
			);
		};
/* End PBXProject section */

/* Begin PBXResourcesBuildPhase section */
		B3AF4D2D1B404872005A2165 /* Resources */ = {
			isa = PBXResourcesBuildPhase;
			buildActionMask = 2147483647;
			files = (
				B3AF4D3D1B404872005A2165 /* Main.storyboard in Resources */,
				B3AF4D421B404872005A2165 /* LaunchScreen.xib in Resources */,
				B3AF4D3F1B404872005A2165 /* Images.xcassets in Resources */,
			);
			runOnlyForDeploymentPostprocessing = 0;
		};
		B3AF4D451B404872005A2165 /* Resources */ = {
			isa = PBXResourcesBuildPhase;
			buildActionMask = 2147483647;
			files = (
			);
			runOnlyForDeploymentPostprocessing = 0;
		};
/* End PBXResourcesBuildPhase section */

/* Begin PBXSourcesBuildPhase section */
		B3AF4D2B1B404872005A2165 /* Sources */ = {
			isa = PBXSourcesBuildPhase;
			buildActionMask = 2147483647;
			files = (
				B3AF4D3A1B404872005A2165 /* ViewController.swift in Sources */,
				B3AF4D351B404872005A2165 /* AppDelegate.swift in Sources */,
				B3AF4D381B404872005A2165 /* QuranApp.xcdatamodeld in Sources */,
			);
			runOnlyForDeploymentPostprocessing = 0;
		};
		B3AF4D431B404872005A2165 /* Sources */ = {
			isa = PBXSourcesBuildPhase;
			buildActionMask = 2147483647;
			files = (
				B3AF4D4E1B404872005A2165 /* QuranAppTests.swift in Sources */,
			);
			runOnlyForDeploymentPostprocessing = 0;
		};
/* End PBXSourcesBuildPhase section */

/* Begin PBXTargetDependency section */
		B3AF4D491B404872005A2165 /* PBXTargetDependency */ = {
			isa = PBXTargetDependency;
			target = B3AF4D2E1B404872005A2165 /* QuranApp */;
			targetProxy = B3AF4D481B404872005A2165 /* PBXContainerItemProxy */;
		};
/* End PBXTargetDependency section */

/* Begin PBXVariantGroup section */
		B3AF4D3B1B404872005A2165 /* Main.storyboard */ = {
			isa = PBXVariantGroup;
			children = (
				B3AF4D3C1B404872005A2165 /* Base */,
			);
			name = Main.storyboard;
			sourceTree = "<group>";
		};
		B3AF4D401B404872005A2165 /* LaunchScreen.xib */ = {
			isa = PBXVariantGroup;
			children = (
				B3AF4D411B404872005A2165 /* Base */,
			);
			name = LaunchScreen.xib;
			sourceTree = "<group>";
		};
/* End PBXVariantGroup section */

/* Begin XCBuildConfiguration section */
		B3AF4D4F1B404872005A2165 /* Debug */ = {
			isa = XCBuildConfiguration;
			buildSettings = {
				ALWAYS_SEARCH_USER_PATHS = NO;
				CLANG_CXX_LANGUAGE_STANDARD = "gnu++0x";
				CLANG_CXX_LIBRARY = "libc++";
				CLANG_ENABLE_MODULES = YES;
				CLANG_ENABLE_OBJC_ARC = YES;
				CLANG_WARN_BOOL_CONVERSION = YES;
				CLANG_WARN_CONSTANT_CONVERSION = YES;
				CLANG_WARN_DIRECT_OBJC_ISA_USAGE = YES_ERROR;
				CLANG_WARN_EMPTY_BODY = YES;
				CLANG_WARN_ENUM_CONVERSION = YES;
				CLANG_WARN_INT_CONVERSION = YES;
				CLANG_WARN_OBJC_ROOT_CLASS = YES_ERROR;
				CLANG_WARN_UNREACHABLE_CODE = YES;
				CLANG_WARN__DUPLICATE_METHOD_MATCH = YES;
				"CODE_SIGN_IDENTITY[sdk=iphoneos*]" = "iPhone Developer";
				COPY_PHASE_STRIP = NO;
				DEBUG_INFORMATION_FORMAT = "dwarf-with-dsym";
				ENABLE_STRICT_OBJC_MSGSEND = YES;
				GCC_C_LANGUAGE_STANDARD = gnu99;
				GCC_DYNAMIC_NO_PIC = NO;
				GCC_NO_COMMON_BLOCKS = YES;
				GCC_OPTIMIZATION_LEVEL = 0;
				GCC_PREPROCESSOR_DEFINITIONS = (
					"DEBUG=1",
					"$(inherited)",
				);
				GCC_SYMBOLS_PRIVATE_EXTERN = NO;
				GCC_WARN_64_TO_32_BIT_CONVERSION = YES;
				GCC_WARN_ABOUT_RETURN_TYPE = YES_ERROR;
				GCC_WARN_UNDECLARED_SELECTOR = YES;
				GCC_WARN_UNINITIALIZED_AUTOS = YES_AGGRESSIVE;
				GCC_WARN_UNUSED_FUNCTION = YES;
				GCC_WARN_UNUSED_VARIABLE = YES;
				IPHONEOS_DEPLOYMENT_TARGET = 8.3;
				MTL_ENABLE_DEBUG_INFO = YES;
				ONLY_ACTIVE_ARCH = YES;
				SDKROOT = iphoneos;
				SWIFT_OPTIMIZATION_LEVEL = "-Onone";
				TARGETED_DEVICE_FAMILY = "1,2";
			};
			name = Debug;
		};
		B3AF4D501B404872005A2165 /* Release */ = {
			isa = XCBuildConfiguration;
			buildSettings = {
				ALWAYS_SEARCH_USER_PATHS = NO;
				CLANG_CXX_LANGUAGE_STANDARD = "gnu++0x";
				CLANG_CXX_LIBRARY = "libc++";
				CLANG_ENABLE_MODULES = YES;
				CLANG_ENABLE_OBJC_ARC = YES;
				CLANG_WARN_BOOL_CONVERSION = YES;
				CLANG_WARN_CONSTANT_CONVERSION = YES;
				CLANG_WARN_DIRECT_OBJC_ISA_USAGE = YES_ERROR;
				CLANG_WARN_EMPTY_BODY = YES;
				CLANG_WARN_ENUM_CONVERSION = YES;
				CLANG_WARN_INT_CONVERSION = YES;
				CLANG_WARN_OBJC_ROOT_CLASS = YES_ERROR;
				CLANG_WARN_UNREACHABLE_CODE = YES;
				CLANG_WARN__DUPLICATE_METHOD_MATCH = YES;
				"CODE_SIGN_IDENTITY[sdk=iphoneos*]" = "iPhone Developer";
				COPY_PHASE_STRIP = NO;
				DEBUG_INFORMATION_FORMAT = "dwarf-with-dsym";
				ENABLE_NS_ASSERTIONS = NO;
				ENABLE_STRICT_OBJC_MSGSEND = YES;
				GCC_C_LANGUAGE_STANDARD = gnu99;
				GCC_NO_COMMON_BLOCKS = YES;
				GCC_WARN_64_TO_32_BIT_CONVERSION = YES;
				GCC_WARN_ABOUT_RETURN_TYPE = YES_ERROR;
				GCC_WARN_UNDECLARED_SELECTOR = YES;
				GCC_WARN_UNINITIALIZED_AUTOS = YES_AGGRESSIVE;
				GCC_WARN_UNUSED_FUNCTION = YES;
				GCC_WARN_UNUSED_VARIABLE = YES;
				IPHONEOS_DEPLOYMENT_TARGET = 8.3;
				MTL_ENABLE_DEBUG_INFO = NO;
				SDKROOT = iphoneos;
				TARGETED_DEVICE_FAMILY = "1,2";
				VALIDATE_PRODUCT = YES;
			};
			name = Release;
		};
		B3AF4D521B404872005A2165 /* Debug */ = {
			isa = XCBuildConfiguration;
			buildSettings = {
				ASSETCATALOG_COMPILER_APPICON_NAME = AppIcon;
				INFOPLIST_FILE = QuranApp/Info.plist;
				LD_RUNPATH_SEARCH_PATHS = "$(inherited) @executable_path/Frameworks";
				PRODUCT_NAME = "$(TARGET_NAME)";
			};
			name = Debug;
		};
		B3AF4D531B404872005A2165 /* Release */ = {
			isa = XCBuildConfiguration;
			buildSettings = {
				ASSETCATALOG_COMPILER_APPICON_NAME = AppIcon;
				INFOPLIST_FILE = QuranApp/Info.plist;
				LD_RUNPATH_SEARCH_PATHS = "$(inherited) @executable_path/Frameworks";
				PRODUCT_NAME = "$(TARGET_NAME)";
			};
			name = Release;
		};
		B3AF4D551B404872005A2165 /* Debug */ = {
			isa = XCBuildConfiguration;
			buildSettings = {
				BUNDLE_LOADER = "$(TEST_HOST)";
				FRAMEWORK_SEARCH_PATHS = (
					"$(SDKROOT)/Developer/Library/Frameworks",
					"$(inherited)",
				);
				GCC_PREPROCESSOR_DEFINITIONS = (
					"DEBUG=1",
					"$(inherited)",
				);
				INFOPLIST_FILE = QuranAppTests/Info.plist;
				LD_RUNPATH_SEARCH_PATHS = "$(inherited) @executable_path/Frameworks @loader_path/Frameworks";
				PRODUCT_NAME = "$(TARGET_NAME)";
				TEST_HOST = "$(BUILT_PRODUCTS_DIR)/QuranApp.app/QuranApp";
			};
			name = Debug;
		};
		B3AF4D561B404872005A2165 /* Release */ = {
			isa = XCBuildConfiguration;
			buildSettings = {
				BUNDLE_LOADER = "$(TEST_HOST)";
				FRAMEWORK_SEARCH_PATHS = (
					"$(SDKROOT)/Developer/Library/Frameworks",
					"$(inherited)",
				);
				INFOPLIST_FILE = QuranAppTests/Info.plist;
				LD_RUNPATH_SEARCH_PATHS = "$(inherited) @executable_path/Frameworks @loader_path/Frameworks";
				PRODUCT_NAME = "$(TARGET_NAME)";
				TEST_HOST = "$(BUILT_PRODUCTS_DIR)/QuranApp.app/QuranApp";
			};
			name = Release;
		};
/* End XCBuildConfiguration section */

/* Begin XCConfigurationList section */
		B3AF4D2A1B404872005A2165 /* Build configuration list for PBXProject "QuranApp" */ = {
			isa = XCConfigurationList;
			buildConfigurations = (
				B3AF4D4F1B404872005A2165 /* Debug */,
				B3AF4D501B404872005A2165 /* Release */,
			);
			defaultConfigurationIsVisible = 0;
			defaultConfigurationName = Release;
		};
		B3AF4D511B404872005A2165 /* Build configuration list for PBXNativeTarget "QuranApp" */ = {
			isa = XCConfigurationList;
			buildConfigurations = (
				B3AF4D521B404872005A2165 /* Debug */,
				B3AF4D531B404872005A2165 /* Release */,
			);
			defaultConfigurationIsVisible = 0;
			defaultConfigurationName = Release;
		};
		B3AF4D541B404872005A2165 /* Build configuration list for PBXNativeTarget "QuranAppTests" */ = {
			isa = XCConfigurationList;
			buildConfigurations = (
				B3AF4D551B404872005A2165 /* Debug */,
				B3AF4D561B404872005A2165 /* Release */,
			);
			defaultConfigurationIsVisible = 0;
			defaultConfigurationName = Release;
		};
/* End XCConfigurationList section */

/* Begin XCVersionGroup section */
		B3AF4D361B404872005A2165 /* QuranApp.xcdatamodeld */ = {
			isa = XCVersionGroup;
			children = (
				B3AF4D371B404872005A2165 /* QuranApp.xcdatamodel */,
			);
			currentVersion = B3AF4D371B404872005A2165 /* QuranApp.xcdatamodel */;
			path = QuranApp.xcdatamodeld;
			sourceTree = "<group>";
			versionGroupType = wrapper.xcdatamodel;
		};
/* End XCVersionGroup section */
	};
	rootObject = B3AF4D271B404872005A2165 /* Project object */;
}
